{"filter":false,"title":"Gemfile.lock","tooltip":"/Gemfile.lock","undoManager":{"mark":-1,"position":-1,"stack":[]},"ace":{"folds":[],"scrolltop":612,"scrollleft":0,"selection":{"start":{"row":43,"column":13},"end":{"row":43,"column":13},"isBackwards":false},"options":{"guessTabSize":true,"useWrapMode":false,"wrapToView":true},"firstLineState":0},"timestamp":1418305329209,"hash":"d0827acfccf2006976943d63b4a0f07d0ebec383"}