<<<<<<< HEAD
{"filter":false,"title":"Gemfile.lock","tooltip":"/Gemfile.lock","ace":{"folds":[],"scrolltop":527,"scrollleft":0,"selection":{"start":{"row":43,"column":10},"end":{"row":43,"column":10},"isBackwards":false},"options":{"guessTabSize":true,"useWrapMode":false,"wrapToView":true},"firstLineState":{"row":31,"state":"start","mode":"ace/mode/text"},"cleansed":true},"hash":"68dc18b4d28e6338562d2fc4a8ab2ac4d5e3bc02","undoManager":{"mark":0,"position":-1,"stack":[]},"timestamp":1418305534840}
=======
{"filter":false,"title":"Gemfile.lock","tooltip":"/Gemfile.lock","undoManager":{"mark":0,"position":0,"stack":[[{"group":"doc","deltas":[{"start":{"row":3,"column":12},"end":{"row":3,"column":15},"action":"remove","lines":["2.0"]},{"start":{"row":3,"column":18},"end":{"row":3,"column":19},"action":"remove","lines":["1"]},{"start":{"row":3,"column":18},"end":{"row":3,"column":19},"action":"insert","lines":["0"]},{"start":{"row":43,"column":10},"end":{"row":43,"column":13},"action":"remove","lines":["2.0"]},{"start":{"row":3,"column":18},"end":{"row":3,"column":19},"action":"remove","lines":["0"]},{"start":{"row":3,"column":18},"end":{"row":3,"column":19},"action":"insert","lines":["2"]}]}]]},"ace":{"folds":[],"scrolltop":612,"scrollleft":0,"selection":{"start":{"row":43,"column":11},"end":{"row":43,"column":11},"isBackwards":false},"options":{"guessTabSize":true,"useWrapMode":false,"wrapToView":true},"firstLineState":{"row":37,"mode":"ace/mode/text"}},"timestamp":1418305329209,"hash":"68dc18b4d28e6338562d2fc4a8ab2ac4d5e3bc02"}
>>>>>>> e80a22bb0b3cb35a9fc63888d6c3233b88753f65
